// !$*UTF8*$!
{
	archiveVersion = 1;
	classes = {
	};
	objectVersion = 56;
	objects = {

/* Begin PBXBuildFile section */
		2A089F2529F39F6500051C67 /* StoryCollectionViewCell.swift in Sources */ = {isa = PBXBuildFile; fileRef = 2A089F2429F39F6500051C67 /* StoryCollectionViewCell.swift */; };
		2A089F2829F3A9C200051C67 /* StoryCollectionViewCellScreen.swift in Sources */ = {isa = PBXBuildFile; fileRef = 2A089F2729F3A9C200051C67 /* StoryCollectionViewCellScreen.swift */; };
		2A089F2B29F3B26A00051C67 /* StoryCollectionViewModel.swift in Sources */ = {isa = PBXBuildFile; fileRef = 2A089F2A29F3B26A00051C67 /* StoryCollectionViewModel.swift */; };
		2A1497A729F241810098E50D /* AppDelegate.swift in Sources */ = {isa = PBXBuildFile; fileRef = 2A1497A629F241810098E50D /* AppDelegate.swift */; };
		2A1497A929F241810098E50D /* SceneDelegate.swift in Sources */ = {isa = PBXBuildFile; fileRef = 2A1497A829F241810098E50D /* SceneDelegate.swift */; };
		2A1497AB29F241810098E50D /* HomeVC.swift in Sources */ = {isa = PBXBuildFile; fileRef = 2A1497AA29F241810098E50D /* HomeVC.swift */; };
		2A1497B029F241820098E50D /* Assets.xcassets in Resources */ = {isa = PBXBuildFile; fileRef = 2A1497AF29F241820098E50D /* Assets.xcassets */; };
		2A1497B329F241820098E50D /* LaunchScreen.storyboard in Resources */ = {isa = PBXBuildFile; fileRef = 2A1497B129F241820098E50D /* LaunchScreen.storyboard */; };
		2A1497BC29F245C70098E50D /* HomeScreen.swift in Sources */ = {isa = PBXBuildFile; fileRef = 2A1497BB29F245C70098E50D /* HomeScreen.swift */; };
		2A1497BF29F2480B0098E50D /* UIView + Extension.swift in Sources */ = {isa = PBXBuildFile; fileRef = 2A1497BE29F2480B0098E50D /* UIView + Extension.swift */; };
		2A1497C129F24D320098E50D /* UIColor + Extension.swift in Sources */ = {isa = PBXBuildFile; fileRef = 2A1497C029F24D320098E50D /* UIColor + Extension.swift */; };
		2A1497C329F253220098E50D /* HomeViewModel.swift in Sources */ = {isa = PBXBuildFile; fileRef = 2A1497C229F253220098E50D /* HomeViewModel.swift */; };
		2A1497C729F256D00098E50D /* StoryCardCollectionViewCell.swift in Sources */ = {isa = PBXBuildFile; fileRef = 2A1497C629F256D00098E50D /* StoryCardCollectionViewCell.swift */; };
		2A1497CA29F257300098E50D /* StoryCardCollectionViewCellScreen.swift in Sources */ = {isa = PBXBuildFile; fileRef = 2A1497C929F257300098E50D /* StoryCardCollectionViewCellScreen.swift */; };
		2A1497CD29F26B300098E50D /* StoryCardViewModel.swift in Sources */ = {isa = PBXBuildFile; fileRef = 2A1497CC29F26B300098E50D /* StoryCardViewModel.swift */; };
		2A1497D029F26C4D0098E50D /* Stories.swift in Sources */ = {isa = PBXBuildFile; fileRef = 2A1497CF29F26C4D0098E50D /* Stories.swift */; };
		2A407FF029F7784000CA110D /* GoogleService-Info.plist in Resources */ = {isa = PBXBuildFile; fileRef = 2A407FEF29F7784000CA110D /* GoogleService-Info.plist */; };
		2A407FF329F77AB800CA110D /* FirebaseAuth in Frameworks */ = {isa = PBXBuildFile; productRef = 2A407FF229F77AB800CA110D /* FirebaseAuth */; };
		2A407FF529F77AB800CA110D /* FirebaseCrashlytics in Frameworks */ = {isa = PBXBuildFile; productRef = 2A407FF429F77AB800CA110D /* FirebaseCrashlytics */; };
		2A407FFB29F77F0300CA110D /* LoginVC.swift in Sources */ = {isa = PBXBuildFile; fileRef = 2A407FF829F77F0300CA110D /* LoginVC.swift */; };
		2A407FFC29F77F0300CA110D /* LoginScreen.swift in Sources */ = {isa = PBXBuildFile; fileRef = 2A407FFA29F77F0300CA110D /* LoginScreen.swift */; };
		2A40800229F783A400CA110D /* LoginViewModel.swift in Sources */ = {isa = PBXBuildFile; fileRef = 2A40800129F783A400CA110D /* LoginViewModel.swift */; };
		2A671AC329FA2CC40016E988 /* HomeData.json in Resources */ = {isa = PBXBuildFile; fileRef = 2A671AC229FA2CC40016E988 /* HomeData.json */; };
		2A671AC629FA2D240016E988 /* HomeService.swift in Sources */ = {isa = PBXBuildFile; fileRef = 2A671AC529FA2D240016E988 /* HomeService.swift */; };
		2A671AC829FA31510016E988 /* HomeData.swift in Sources */ = {isa = PBXBuildFile; fileRef = 2A671AC729FA31510016E988 /* HomeData.swift */; };
		2A96761829F4F0E000B3A180 /* PostCardCollectionViewCell.swift in Sources */ = {isa = PBXBuildFile; fileRef = 2A96761729F4F0E000B3A180 /* PostCardCollectionViewCell.swift */; };
		2A96761B29F4F12A00B3A180 /* PostCardCollectionViewCellScreen.swift in Sources */ = {isa = PBXBuildFile; fileRef = 2A96761A29F4F12A00B3A180 /* PostCardCollectionViewCellScreen.swift */; };
		2A96761E29F4FA8E00B3A180 /* PostCardViewModel.swift in Sources */ = {isa = PBXBuildFile; fileRef = 2A96761D29F4FA8E00B3A180 /* PostCardViewModel.swift */; };
		2A96762129F4FB0600B3A180 /* Posts.swift in Sources */ = {isa = PBXBuildFile; fileRef = 2A96762029F4FB0600B3A180 /* Posts.swift */; };
		2A96762429F5010D00B3A180 /* PostCollectionViewCell.swift in Sources */ = {isa = PBXBuildFile; fileRef = 2A96762329F5010D00B3A180 /* PostCollectionViewCell.swift */; };
		2A96762729F5015000B3A180 /* PostCollectionViewCellScreen.swift in Sources */ = {isa = PBXBuildFile; fileRef = 2A96762629F5015000B3A180 /* PostCollectionViewCellScreen.swift */; };
		2AACE8B529F8AF7600AF8A17 /* Alert.swift in Sources */ = {isa = PBXBuildFile; fileRef = 2AACE8B429F8AF7600AF8A17 /* Alert.swift */; };
		2AACE8BD29F8B79C00AF8A17 /* RegisterVC.swift in Sources */ = {isa = PBXBuildFile; fileRef = 2AACE8BA29F8B45600AF8A17 /* RegisterVC.swift */; };
		2AACE8BE29F8B7A500AF8A17 /* RegisterScreen.swift in Sources */ = {isa = PBXBuildFile; fileRef = 2AACE8B829F8B45600AF8A17 /* RegisterScreen.swift */; };
		2AACE8BF29F8B7A800AF8A17 /* RegisterViewModel.swift in Sources */ = {isa = PBXBuildFile; fileRef = 2AACE8BC29F8B45600AF8A17 /* RegisterViewModel.swift */; };
		4D3CF8EECF3AEC66EFCAD35F /* Pods_PrimeiroAppMVVM.framework in Frameworks */ = {isa = PBXBuildFile; fileRef = BD16CB252977CAFA9E90A3BF /* Pods_PrimeiroAppMVVM.framework */; };
/* End PBXBuildFile section */

/* Begin PBXFileReference section */
		1E5B23BBFCEBD531C4C00DF0 /* Pods-PrimeiroAppMVVM.release.xcconfig */ = {isa = PBXFileReference; includeInIndex = 1; lastKnownFileType = text.xcconfig; name = "Pods-PrimeiroAppMVVM.release.xcconfig"; path = "Target Support Files/Pods-PrimeiroAppMVVM/Pods-PrimeiroAppMVVM.release.xcconfig"; sourceTree = "<group>"; };
		2A089F2429F39F6500051C67 /* StoryCollectionViewCell.swift */ = {isa = PBXFileReference; lastKnownFileType = sourcecode.swift; path = StoryCollectionViewCell.swift; sourceTree = "<group>"; };
		2A089F2729F3A9C200051C67 /* StoryCollectionViewCellScreen.swift */ = {isa = PBXFileReference; lastKnownFileType = sourcecode.swift; path = StoryCollectionViewCellScreen.swift; sourceTree = "<group>"; };
		2A089F2A29F3B26A00051C67 /* StoryCollectionViewModel.swift */ = {isa = PBXFileReference; lastKnownFileType = sourcecode.swift; path = StoryCollectionViewModel.swift; sourceTree = "<group>"; };
		2A1497A329F241810098E50D /* PrimeiroAppMVVM.app */ = {isa = PBXFileReference; explicitFileType = wrapper.application; includeInIndex = 0; path = PrimeiroAppMVVM.app; sourceTree = BUILT_PRODUCTS_DIR; };
		2A1497A629F241810098E50D /* AppDelegate.swift */ = {isa = PBXFileReference; lastKnownFileType = sourcecode.swift; path = AppDelegate.swift; sourceTree = "<group>"; };
		2A1497A829F241810098E50D /* SceneDelegate.swift */ = {isa = PBXFileReference; lastKnownFileType = sourcecode.swift; path = SceneDelegate.swift; sourceTree = "<group>"; };
		2A1497AA29F241810098E50D /* HomeVC.swift */ = {isa = PBXFileReference; lastKnownFileType = sourcecode.swift; path = HomeVC.swift; sourceTree = "<group>"; };
		2A1497AF29F241820098E50D /* Assets.xcassets */ = {isa = PBXFileReference; lastKnownFileType = folder.assetcatalog; path = Assets.xcassets; sourceTree = "<group>"; };
		2A1497B229F241820098E50D /* Base */ = {isa = PBXFileReference; lastKnownFileType = file.storyboard; name = Base; path = Base.lproj/LaunchScreen.storyboard; sourceTree = "<group>"; };
		2A1497B429F241820098E50D /* Info.plist */ = {isa = PBXFileReference; lastKnownFileType = text.plist.xml; path = Info.plist; sourceTree = "<group>"; };
		2A1497BB29F245C70098E50D /* HomeScreen.swift */ = {isa = PBXFileReference; lastKnownFileType = sourcecode.swift; path = HomeScreen.swift; sourceTree = "<group>"; };
		2A1497BE29F2480B0098E50D /* UIView + Extension.swift */ = {isa = PBXFileReference; lastKnownFileType = sourcecode.swift; path = "UIView + Extension.swift"; sourceTree = "<group>"; };
		2A1497C029F24D320098E50D /* UIColor + Extension.swift */ = {isa = PBXFileReference; lastKnownFileType = sourcecode.swift; path = "UIColor + Extension.swift"; sourceTree = "<group>"; };
		2A1497C229F253220098E50D /* HomeViewModel.swift */ = {isa = PBXFileReference; lastKnownFileType = sourcecode.swift; path = HomeViewModel.swift; sourceTree = "<group>"; };
		2A1497C629F256D00098E50D /* StoryCardCollectionViewCell.swift */ = {isa = PBXFileReference; lastKnownFileType = sourcecode.swift; path = StoryCardCollectionViewCell.swift; sourceTree = "<group>"; };
		2A1497C929F257300098E50D /* StoryCardCollectionViewCellScreen.swift */ = {isa = PBXFileReference; lastKnownFileType = sourcecode.swift; path = StoryCardCollectionViewCellScreen.swift; sourceTree = "<group>"; };
		2A1497CC29F26B300098E50D /* StoryCardViewModel.swift */ = {isa = PBXFileReference; lastKnownFileType = sourcecode.swift; path = StoryCardViewModel.swift; sourceTree = "<group>"; };
		2A1497CF29F26C4D0098E50D /* Stories.swift */ = {isa = PBXFileReference; lastKnownFileType = sourcecode.swift; path = Stories.swift; sourceTree = "<group>"; };
		2A407FEF29F7784000CA110D /* GoogleService-Info.plist */ = {isa = PBXFileReference; fileEncoding = 4; lastKnownFileType = text.plist.xml; path = "GoogleService-Info.plist"; sourceTree = "<group>"; };
		2A407FF829F77F0300CA110D /* LoginVC.swift */ = {isa = PBXFileReference; fileEncoding = 4; lastKnownFileType = sourcecode.swift; path = LoginVC.swift; sourceTree = "<group>"; };
		2A407FFA29F77F0300CA110D /* LoginScreen.swift */ = {isa = PBXFileReference; fileEncoding = 4; lastKnownFileType = sourcecode.swift; path = LoginScreen.swift; sourceTree = "<group>"; };
		2A40800129F783A400CA110D /* LoginViewModel.swift */ = {isa = PBXFileReference; lastKnownFileType = sourcecode.swift; path = LoginViewModel.swift; sourceTree = "<group>"; };
		2A671AC229FA2CC40016E988 /* HomeData.json */ = {isa = PBXFileReference; lastKnownFileType = text.json; path = HomeData.json; sourceTree = "<group>"; };
		2A671AC529FA2D240016E988 /* HomeService.swift */ = {isa = PBXFileReference; lastKnownFileType = sourcecode.swift; path = HomeService.swift; sourceTree = "<group>"; wrapsLines = 0; };
		2A671AC729FA31510016E988 /* HomeData.swift */ = {isa = PBXFileReference; lastKnownFileType = sourcecode.swift; path = HomeData.swift; sourceTree = "<group>"; };
		2A96761729F4F0E000B3A180 /* PostCardCollectionViewCell.swift */ = {isa = PBXFileReference; lastKnownFileType = sourcecode.swift; path = PostCardCollectionViewCell.swift; sourceTree = "<group>"; };
		2A96761A29F4F12A00B3A180 /* PostCardCollectionViewCellScreen.swift */ = {isa = PBXFileReference; lastKnownFileType = sourcecode.swift; path = PostCardCollectionViewCellScreen.swift; sourceTree = "<group>"; };
		2A96761D29F4FA8E00B3A180 /* PostCardViewModel.swift */ = {isa = PBXFileReference; lastKnownFileType = sourcecode.swift; path = PostCardViewModel.swift; sourceTree = "<group>"; };
		2A96762029F4FB0600B3A180 /* Posts.swift */ = {isa = PBXFileReference; lastKnownFileType = sourcecode.swift; path = Posts.swift; sourceTree = "<group>"; };
		2A96762329F5010D00B3A180 /* PostCollectionViewCell.swift */ = {isa = PBXFileReference; lastKnownFileType = sourcecode.swift; path = PostCollectionViewCell.swift; sourceTree = "<group>"; };
		2A96762629F5015000B3A180 /* PostCollectionViewCellScreen.swift */ = {isa = PBXFileReference; lastKnownFileType = sourcecode.swift; path = PostCollectionViewCellScreen.swift; sourceTree = "<group>"; };
		2AACE8B429F8AF7600AF8A17 /* Alert.swift */ = {isa = PBXFileReference; lastKnownFileType = sourcecode.swift; path = Alert.swift; sourceTree = "<group>"; };
		2AACE8B829F8B45600AF8A17 /* RegisterScreen.swift */ = {isa = PBXFileReference; lastKnownFileType = sourcecode.swift; path = RegisterScreen.swift; sourceTree = "<group>"; };
		2AACE8BA29F8B45600AF8A17 /* RegisterVC.swift */ = {isa = PBXFileReference; lastKnownFileType = sourcecode.swift; path = RegisterVC.swift; sourceTree = "<group>"; };
		2AACE8BC29F8B45600AF8A17 /* RegisterViewModel.swift */ = {isa = PBXFileReference; lastKnownFileType = sourcecode.swift; path = RegisterViewModel.swift; sourceTree = "<group>"; };
		BD16CB252977CAFA9E90A3BF /* Pods_PrimeiroAppMVVM.framework */ = {isa = PBXFileReference; explicitFileType = wrapper.framework; includeInIndex = 0; path = Pods_PrimeiroAppMVVM.framework; sourceTree = BUILT_PRODUCTS_DIR; };
		DBD10DA585902EF4529FDB45 /* Pods-PrimeiroAppMVVM.debug.xcconfig */ = {isa = PBXFileReference; includeInIndex = 1; lastKnownFileType = text.xcconfig; name = "Pods-PrimeiroAppMVVM.debug.xcconfig"; path = "Target Support Files/Pods-PrimeiroAppMVVM/Pods-PrimeiroAppMVVM.debug.xcconfig"; sourceTree = "<group>"; };
/* End PBXFileReference section */

/* Begin PBXFrameworksBuildPhase section */
		2A1497A029F241810098E50D /* Frameworks */ = {
			isa = PBXFrameworksBuildPhase;
			buildActionMask = 2147483647;
			files = (
				2A407FF329F77AB800CA110D /* FirebaseAuth in Frameworks */,
				2A407FF529F77AB800CA110D /* FirebaseCrashlytics in Frameworks */,
				4D3CF8EECF3AEC66EFCAD35F /* Pods_PrimeiroAppMVVM.framework in Frameworks */,
			);
			runOnlyForDeploymentPostprocessing = 0;
		};
/* End PBXFrameworksBuildPhase section */

/* Begin PBXGroup section */
		2A089F2329F39F0F00051C67 /* StoryCollectionViewCell */ = {
			isa = PBXGroup;
			children = (
				2A089F2929F3B24F00051C67 /* ViewModel */,
				2A089F2629F3A9AA00051C67 /* Screen */,
				2A089F2429F39F6500051C67 /* StoryCollectionViewCell.swift */,
			);
			path = StoryCollectionViewCell;
			sourceTree = "<group>";
		};
		2A089F2629F3A9AA00051C67 /* Screen */ = {
			isa = PBXGroup;
			children = (
				2A089F2729F3A9C200051C67 /* StoryCollectionViewCellScreen.swift */,
			);
			path = Screen;
			sourceTree = "<group>";
		};
		2A089F2929F3B24F00051C67 /* ViewModel */ = {
			isa = PBXGroup;
			children = (
				2A089F2A29F3B26A00051C67 /* StoryCollectionViewModel.swift */,
			);
			path = ViewModel;
			sourceTree = "<group>";
		};
		2A14979A29F241810098E50D = {
			isa = PBXGroup;
			children = (
				2A1497A529F241810098E50D /* PrimeiroAppMVVM */,
				2A1497A429F241810098E50D /* Products */,
				F9E5EB15FECFD5AB355A94F7 /* Pods */,
				2CD7899B02C2C4CD28711DFE /* Frameworks */,
			);
			sourceTree = "<group>";
		};
		2A1497A429F241810098E50D /* Products */ = {
			isa = PBXGroup;
			children = (
				2A1497A329F241810098E50D /* PrimeiroAppMVVM.app */,
			);
			name = Products;
			sourceTree = "<group>";
		};
		2A1497A529F241810098E50D /* PrimeiroAppMVVM */ = {
			isa = PBXGroup;
			children = (
				2A671AC429FA2D080016E988 /* Service */,
				2A671ABD29FA2BD30016E988 /* Mock */,
				2A1497CE29F26C3D0098E50D /* Model */,
				2A1497BD29F247F10098E50D /* Extension */,
				2AACE8B329F8AF5900AF8A17 /* Alert */,
				2AACE8B629F8B42B00AF8A17 /* RegisterVC */,
				2A407FF629F77F0300CA110D /* LoginVC */,
				2A1497BA29F245B00098E50D /* HomeVC */,
				2A1497A629F241810098E50D /* AppDelegate.swift */,
				2A1497A829F241810098E50D /* SceneDelegate.swift */,
				2A1497AF29F241820098E50D /* Assets.xcassets */,
				2A407FEF29F7784000CA110D /* GoogleService-Info.plist */,
				2A1497B129F241820098E50D /* LaunchScreen.storyboard */,
				2A1497B429F241820098E50D /* Info.plist */,
			);
			path = PrimeiroAppMVVM;
			sourceTree = "<group>";
		};
		2A1497BA29F245B00098E50D /* HomeVC */ = {
			isa = PBXGroup;
			children = (
				2A1497C429F256820098E50D /* Cell */,
				2A1497D229F26CB90098E50D /* ViewModel */,
				2A1497D129F26CA20098E50D /* Screen */,
				2A407FFD29F7805700CA110D /* VC */,
			);
			path = HomeVC;
			sourceTree = "<group>";
		};
		2A1497BD29F247F10098E50D /* Extension */ = {
			isa = PBXGroup;
			children = (
				2A1497BE29F2480B0098E50D /* UIView + Extension.swift */,
				2A1497C029F24D320098E50D /* UIColor + Extension.swift */,
			);
			path = Extension;
			sourceTree = "<group>";
		};
		2A1497C429F256820098E50D /* Cell */ = {
			isa = PBXGroup;
			children = (
				2A96761529F4F0B000B3A180 /* Post */,
				2A96761429F4F07C00B3A180 /* Story */,
			);
			path = Cell;
			sourceTree = "<group>";
		};
		2A1497C529F256900098E50D /* StoryCardCollectionViewCell */ = {
			isa = PBXGroup;
			children = (
				2A1497CB29F26B130098E50D /* ViewModel */,
				2A1497C829F257190098E50D /* Screen */,
				2A1497C629F256D00098E50D /* StoryCardCollectionViewCell.swift */,
			);
			path = StoryCardCollectionViewCell;
			sourceTree = "<group>";
		};
		2A1497C829F257190098E50D /* Screen */ = {
			isa = PBXGroup;
			children = (
				2A1497C929F257300098E50D /* StoryCardCollectionViewCellScreen.swift */,
			);
			path = Screen;
			sourceTree = "<group>";
		};
		2A1497CB29F26B130098E50D /* ViewModel */ = {
			isa = PBXGroup;
			children = (
				2A1497CC29F26B300098E50D /* StoryCardViewModel.swift */,
			);
			path = ViewModel;
			sourceTree = "<group>";
		};
		2A1497CE29F26C3D0098E50D /* Model */ = {
			isa = PBXGroup;
			children = (
				2A671AC729FA31510016E988 /* HomeData.swift */,
				2A1497CF29F26C4D0098E50D /* Stories.swift */,
				2A96762029F4FB0600B3A180 /* Posts.swift */,
			);
			path = Model;
			sourceTree = "<group>";
		};
		2A1497D129F26CA20098E50D /* Screen */ = {
			isa = PBXGroup;
			children = (
				2A1497BB29F245C70098E50D /* HomeScreen.swift */,
			);
			path = Screen;
			sourceTree = "<group>";
		};
		2A1497D229F26CB90098E50D /* ViewModel */ = {
			isa = PBXGroup;
			children = (
				2A1497C229F253220098E50D /* HomeViewModel.swift */,
			);
			path = ViewModel;
			sourceTree = "<group>";
		};
		2A407FF629F77F0300CA110D /* LoginVC */ = {
			isa = PBXGroup;
			children = (
				2A407FFE29F7836E00CA110D /* ViewModel */,
				2A407FF729F77F0300CA110D /* VC */,
				2A407FF929F77F0300CA110D /* Screen */,
			);
			name = LoginVC;
			path = "../../../ProjetoViewCode - Adicionando dependência/PrimeiroProjetoModulo6/PrimeiroProjetoModulo6/LoginVC";
			sourceTree = "<group>";
		};
		2A407FF729F77F0300CA110D /* VC */ = {
			isa = PBXGroup;
			children = (
				2A407FF829F77F0300CA110D /* LoginVC.swift */,
			);
			path = VC;
			sourceTree = "<group>";
		};
		2A407FF929F77F0300CA110D /* Screen */ = {
			isa = PBXGroup;
			children = (
				2A407FFA29F77F0300CA110D /* LoginScreen.swift */,
			);
			path = Screen;
			sourceTree = "<group>";
		};
		2A407FFD29F7805700CA110D /* VC */ = {
			isa = PBXGroup;
			children = (
				2A1497AA29F241810098E50D /* HomeVC.swift */,
			);
			path = VC;
			sourceTree = "<group>";
		};
		2A407FFE29F7836E00CA110D /* ViewModel */ = {
			isa = PBXGroup;
			children = (
				2A40800129F783A400CA110D /* LoginViewModel.swift */,
			);
			path = ViewModel;
			sourceTree = "<group>";
		};
		2A671ABD29FA2BD30016E988 /* Mock */ = {
			isa = PBXGroup;
			children = (
				2A671AC229FA2CC40016E988 /* HomeData.json */,
			);
			path = Mock;
			sourceTree = "<group>";
		};
		2A671AC429FA2D080016E988 /* Service */ = {
			isa = PBXGroup;
			children = (
				2A671AC529FA2D240016E988 /* HomeService.swift */,
			);
			path = Service;
			sourceTree = "<group>";
		};
		2A96761429F4F07C00B3A180 /* Story */ = {
			isa = PBXGroup;
			children = (
				2A1497C529F256900098E50D /* StoryCardCollectionViewCell */,
				2A089F2329F39F0F00051C67 /* StoryCollectionViewCell */,
			);
			path = Story;
			sourceTree = "<group>";
		};
		2A96761529F4F0B000B3A180 /* Post */ = {
			isa = PBXGroup;
			children = (
				2A96761629F4F0B600B3A180 /* PostCardCollectionViewCell */,
				2A96762229F500D000B3A180 /* PostCollectionViewCell */,
			);
			path = Post;
			sourceTree = "<group>";
		};
		2A96761629F4F0B600B3A180 /* PostCardCollectionViewCell */ = {
			isa = PBXGroup;
			children = (
				2A96761C29F4FA5500B3A180 /* ViewModel */,
				2A96761929F4F10300B3A180 /* Screen */,
				2A96761729F4F0E000B3A180 /* PostCardCollectionViewCell.swift */,
			);
			path = PostCardCollectionViewCell;
			sourceTree = "<group>";
		};
		2A96761929F4F10300B3A180 /* Screen */ = {
			isa = PBXGroup;
			children = (
				2A96761A29F4F12A00B3A180 /* PostCardCollectionViewCellScreen.swift */,
			);
			path = Screen;
			sourceTree = "<group>";
		};
		2A96761C29F4FA5500B3A180 /* ViewModel */ = {
			isa = PBXGroup;
			children = (
				2A96761D29F4FA8E00B3A180 /* PostCardViewModel.swift */,
			);
			path = ViewModel;
			sourceTree = "<group>";
		};
		2A96762229F500D000B3A180 /* PostCollectionViewCell */ = {
			isa = PBXGroup;
			children = (
				2A96762529F5011300B3A180 /* Screen */,
				2A96762329F5010D00B3A180 /* PostCollectionViewCell.swift */,
			);
			path = PostCollectionViewCell;
			sourceTree = "<group>";
		};
		2A96762529F5011300B3A180 /* Screen */ = {
			isa = PBXGroup;
			children = (
				2A96762629F5015000B3A180 /* PostCollectionViewCellScreen.swift */,
			);
			path = Screen;
			sourceTree = "<group>";
		};
		2AACE8B329F8AF5900AF8A17 /* Alert */ = {
			isa = PBXGroup;
			children = (
				2AACE8B429F8AF7600AF8A17 /* Alert.swift */,
			);
			path = Alert;
			sourceTree = "<group>";
		};
		2AACE8B629F8B42B00AF8A17 /* RegisterVC */ = {
			isa = PBXGroup;
			children = (
				2AACE8BB29F8B45600AF8A17 /* ViewModel */,
				2AACE8B929F8B45600AF8A17 /* VC */,
				2AACE8B729F8B45600AF8A17 /* Screen */,
			);
			path = RegisterVC;
			sourceTree = "<group>";
		};
		2AACE8B729F8B45600AF8A17 /* Screen */ = {
			isa = PBXGroup;
			children = (
				2AACE8B829F8B45600AF8A17 /* RegisterScreen.swift */,
			);
			path = Screen;
			sourceTree = "<group>";
		};
		2AACE8B929F8B45600AF8A17 /* VC */ = {
			isa = PBXGroup;
			children = (
				2AACE8BA29F8B45600AF8A17 /* RegisterVC.swift */,
			);
			path = VC;
			sourceTree = "<group>";
		};
		2AACE8BB29F8B45600AF8A17 /* ViewModel */ = {
			isa = PBXGroup;
			children = (
				2AACE8BC29F8B45600AF8A17 /* RegisterViewModel.swift */,
			);
			path = ViewModel;
			sourceTree = "<group>";
		};
		2CD7899B02C2C4CD28711DFE /* Frameworks */ = {
			isa = PBXGroup;
			children = (
				BD16CB252977CAFA9E90A3BF /* Pods_PrimeiroAppMVVM.framework */,
			);
			name = Frameworks;
			sourceTree = "<group>";
		};
		F9E5EB15FECFD5AB355A94F7 /* Pods */ = {
			isa = PBXGroup;
			children = (
				DBD10DA585902EF4529FDB45 /* Pods-PrimeiroAppMVVM.debug.xcconfig */,
				1E5B23BBFCEBD531C4C00DF0 /* Pods-PrimeiroAppMVVM.release.xcconfig */,
			);
			path = Pods;
			sourceTree = "<group>";
		};
/* End PBXGroup section */

/* Begin PBXNativeTarget section */
		2A1497A229F241810098E50D /* PrimeiroAppMVVM */ = {
			isa = PBXNativeTarget;
			buildConfigurationList = 2A1497B729F241820098E50D /* Build configuration list for PBXNativeTarget "PrimeiroAppMVVM" */;
			buildPhases = (
				43521725D83BC07CFC70BAE6 /* [CP] Check Pods Manifest.lock */,
				2A14979F29F241810098E50D /* Sources */,
				2A1497A029F241810098E50D /* Frameworks */,
				2A1497A129F241810098E50D /* Resources */,
				2A671ABC29FA273B0016E988 /* ShellScript */,
				9440325A9E833E8A20BCEB99 /* [CP] Embed Pods Frameworks */,
			);
			buildRules = (
			);
			dependencies = (
			);
			name = PrimeiroAppMVVM;
			packageProductDependencies = (
				2A407FF229F77AB800CA110D /* FirebaseAuth */,
				2A407FF429F77AB800CA110D /* FirebaseCrashlytics */,
			);
			productName = PrimeiroAppMVVM;
			productReference = 2A1497A329F241810098E50D /* PrimeiroAppMVVM.app */;
			productType = "com.apple.product-type.application";
		};
/* End PBXNativeTarget section */

/* Begin PBXProject section */
		2A14979B29F241810098E50D /* Project object */ = {
			isa = PBXProject;
			attributes = {
				BuildIndependentTargetsInParallel = 1;
				LastSwiftUpdateCheck = 1420;
				LastUpgradeCheck = 1420;
				TargetAttributes = {
					2A1497A229F241810098E50D = {
						CreatedOnToolsVersion = 14.2;
					};
				};
			};
			buildConfigurationList = 2A14979E29F241810098E50D /* Build configuration list for PBXProject "PrimeiroAppMVVM" */;
			compatibilityVersion = "Xcode 14.0";
			developmentRegion = en;
			hasScannedForEncodings = 0;
			knownRegions = (
				en,
				Base,
			);
			mainGroup = 2A14979A29F241810098E50D;
			packageReferences = (
				2A407FF129F77AB800CA110D /* XCRemoteSwiftPackageReference "firebase-ios-sdk" */,
			);
			productRefGroup = 2A1497A429F241810098E50D /* Products */;
			projectDirPath = "";
			projectRoot = "";
			targets = (
				2A1497A229F241810098E50D /* PrimeiroAppMVVM */,
			);
		};
/* End PBXProject section */

/* Begin PBXResourcesBuildPhase section */
		2A1497A129F241810098E50D /* Resources */ = {
			isa = PBXResourcesBuildPhase;
			buildActionMask = 2147483647;
			files = (
				2A671AC329FA2CC40016E988 /* HomeData.json in Resources */,
				2A1497B329F241820098E50D /* LaunchScreen.storyboard in Resources */,
				2A1497B029F241820098E50D /* Assets.xcassets in Resources */,
				2A407FF029F7784000CA110D /* GoogleService-Info.plist in Resources */,
			);
			runOnlyForDeploymentPostprocessing = 0;
		};
/* End PBXResourcesBuildPhase section */

/* Begin PBXShellScriptBuildPhase section */
		2A671ABC29FA273B0016E988 /* ShellScript */ = {
			isa = PBXShellScriptBuildPhase;
			buildActionMask = 2147483647;
			files = (
			);
			inputFileListPaths = (
			);
			inputPaths = (
				"${DWARF_DSYM_FOLDER_PATH}/${DWARF_DSYM_FILE_NAME}/Contents/Resources/DWARF/${TARGET_NAME}",
				"$(SRCROOT)/$(BUILT_PRODUCTS_DIR)/$(INFOPLIST_PATH)",
			);
			outputFileListPaths = (
			);
			outputPaths = (
			);
			runOnlyForDeploymentPostprocessing = 0;
			shellPath = /bin/sh;
			shellScript = "\"${BUILD_DIR%/Build/*}/SourcePackages/checkouts/firebase-ios-sdk/Crashlytics/run\"\n";
		};
		43521725D83BC07CFC70BAE6 /* [CP] Check Pods Manifest.lock */ = {
			isa = PBXShellScriptBuildPhase;
			buildActionMask = 2147483647;
			files = (
			);
			inputFileListPaths = (
			);
			inputPaths = (
				"${PODS_PODFILE_DIR_PATH}/Podfile.lock",
				"${PODS_ROOT}/Manifest.lock",
			);
			name = "[CP] Check Pods Manifest.lock";
			outputFileListPaths = (
			);
			outputPaths = (
				"$(DERIVED_FILE_DIR)/Pods-PrimeiroAppMVVM-checkManifestLockResult.txt",
			);
			runOnlyForDeploymentPostprocessing = 0;
			shellPath = /bin/sh;
			shellScript = "diff \"${PODS_PODFILE_DIR_PATH}/Podfile.lock\" \"${PODS_ROOT}/Manifest.lock\" > /dev/null\nif [ $? != 0 ] ; then\n    # print error to STDERR\n    echo \"error: The sandbox is not in sync with the Podfile.lock. Run 'pod install' or update your CocoaPods installation.\" >&2\n    exit 1\nfi\n# This output is used by Xcode 'outputs' to avoid re-running this script phase.\necho \"SUCCESS\" > \"${SCRIPT_OUTPUT_FILE_0}\"\n";
			showEnvVarsInLog = 0;
		};
		9440325A9E833E8A20BCEB99 /* [CP] Embed Pods Frameworks */ = {
			isa = PBXShellScriptBuildPhase;
			buildActionMask = 2147483647;
			files = (
			);
			inputFileListPaths = (
				"${PODS_ROOT}/Target Support Files/Pods-PrimeiroAppMVVM/Pods-PrimeiroAppMVVM-frameworks-${CONFIGURATION}-input-files.xcfilelist",
			);
			name = "[CP] Embed Pods Frameworks";
			outputFileListPaths = (
				"${PODS_ROOT}/Target Support Files/Pods-PrimeiroAppMVVM/Pods-PrimeiroAppMVVM-frameworks-${CONFIGURATION}-output-files.xcfilelist",
			);
			runOnlyForDeploymentPostprocessing = 0;
			shellPath = /bin/sh;
			shellScript = "\"${PODS_ROOT}/Target Support Files/Pods-PrimeiroAppMVVM/Pods-PrimeiroAppMVVM-frameworks.sh\"\n";
			showEnvVarsInLog = 0;
		};
/* End PBXShellScriptBuildPhase section */

/* Begin PBXSourcesBuildPhase section */
		2A14979F29F241810098E50D /* Sources */ = {
			isa = PBXSourcesBuildPhase;
			buildActionMask = 2147483647;
			files = (
				2A40800229F783A400CA110D /* LoginViewModel.swift in Sources */,
				2A96761E29F4FA8E00B3A180 /* PostCardViewModel.swift in Sources */,
				2A671AC829FA31510016E988 /* HomeData.swift in Sources */,
				2A1497BC29F245C70098E50D /* HomeScreen.swift in Sources */,
				2A407FFB29F77F0300CA110D /* LoginVC.swift in Sources */,
				2A089F2829F3A9C200051C67 /* StoryCollectionViewCellScreen.swift in Sources */,
				2A1497AB29F241810098E50D /* HomeVC.swift in Sources */,
				2AACE8B529F8AF7600AF8A17 /* Alert.swift in Sources */,
				2A96761829F4F0E000B3A180 /* PostCardCollectionViewCell.swift in Sources */,
				2AACE8BE29F8B7A500AF8A17 /* RegisterScreen.swift in Sources */,
				2A1497C729F256D00098E50D /* StoryCardCollectionViewCell.swift in Sources */,
				2A96762729F5015000B3A180 /* PostCollectionViewCellScreen.swift in Sources */,
				2A1497C329F253220098E50D /* HomeViewModel.swift in Sources */,
				2A407FFC29F77F0300CA110D /* LoginScreen.swift in Sources */,
				2A96762129F4FB0600B3A180 /* Posts.swift in Sources */,
				2A671AC629FA2D240016E988 /* HomeService.swift in Sources */,
				2A089F2529F39F6500051C67 /* StoryCollectionViewCell.swift in Sources */,
				2A089F2B29F3B26A00051C67 /* StoryCollectionViewModel.swift in Sources */,
				2AACE8BF29F8B7A800AF8A17 /* RegisterViewModel.swift in Sources */,
				2A96761B29F4F12A00B3A180 /* PostCardCollectionViewCellScreen.swift in Sources */,
				2A1497CD29F26B300098E50D /* StoryCardViewModel.swift in Sources */,
				2A1497A729F241810098E50D /* AppDelegate.swift in Sources */,
				2A1497C129F24D320098E50D /* UIColor + Extension.swift in Sources */,
				2AACE8BD29F8B79C00AF8A17 /* RegisterVC.swift in Sources */,
				2A96762429F5010D00B3A180 /* PostCollectionViewCell.swift in Sources */,
				2A1497BF29F2480B0098E50D /* UIView + Extension.swift in Sources */,
				2A1497A929F241810098E50D /* SceneDelegate.swift in Sources */,
				2A1497CA29F257300098E50D /* StoryCardCollectionViewCellScreen.swift in Sources */,
				2A1497D029F26C4D0098E50D /* Stories.swift in Sources */,
			);
			runOnlyForDeploymentPostprocessing = 0;
		};
/* End PBXSourcesBuildPhase section */

/* Begin PBXVariantGroup section */
		2A1497B129F241820098E50D /* LaunchScreen.storyboard */ = {
			isa = PBXVariantGroup;
			children = (
				2A1497B229F241820098E50D /* Base */,
			);
			name = LaunchScreen.storyboard;
			sourceTree = "<group>";
		};
/* End PBXVariantGroup section */

/* Begin XCBuildConfiguration section */
		2A1497B529F241820098E50D /* Debug */ = {
			isa = XCBuildConfiguration;
			buildSettings = {
				ALWAYS_SEARCH_USER_PATHS = NO;
				CLANG_ANALYZER_NONNULL = YES;
				CLANG_ANALYZER_NUMBER_OBJECT_CONVERSION = YES_AGGRESSIVE;
				CLANG_CXX_LANGUAGE_STANDARD = "gnu++20";
				CLANG_ENABLE_MODULES = YES;
				CLANG_ENABLE_OBJC_ARC = YES;
				CLANG_ENABLE_OBJC_WEAK = YES;
				CLANG_WARN_BLOCK_CAPTURE_AUTORELEASING = YES;
				CLANG_WARN_BOOL_CONVERSION = YES;
				CLANG_WARN_COMMA = YES;
				CLANG_WARN_CONSTANT_CONVERSION = YES;
				CLANG_WARN_DEPRECATED_OBJC_IMPLEMENTATIONS = YES;
				CLANG_WARN_DIRECT_OBJC_ISA_USAGE = YES_ERROR;
				CLANG_WARN_DOCUMENTATION_COMMENTS = YES;
				CLANG_WARN_EMPTY_BODY = YES;
				CLANG_WARN_ENUM_CONVERSION = YES;
				CLANG_WARN_INFINITE_RECURSION = YES;
				CLANG_WARN_INT_CONVERSION = YES;
				CLANG_WARN_NON_LITERAL_NULL_CONVERSION = YES;
				CLANG_WARN_OBJC_IMPLICIT_RETAIN_SELF = YES;
				CLANG_WARN_OBJC_LITERAL_CONVERSION = YES;
				CLANG_WARN_OBJC_ROOT_CLASS = YES_ERROR;
				CLANG_WARN_QUOTED_INCLUDE_IN_FRAMEWORK_HEADER = YES;
				CLANG_WARN_RANGE_LOOP_ANALYSIS = YES;
				CLANG_WARN_STRICT_PROTOTYPES = YES;
				CLANG_WARN_SUSPICIOUS_MOVE = YES;
				CLANG_WARN_UNGUARDED_AVAILABILITY = YES_AGGRESSIVE;
				CLANG_WARN_UNREACHABLE_CODE = YES;
				CLANG_WARN__DUPLICATE_METHOD_MATCH = YES;
				COPY_PHASE_STRIP = NO;
				DEBUG_INFORMATION_FORMAT = "dwarf-with-dsym";
				ENABLE_STRICT_OBJC_MSGSEND = YES;
				ENABLE_TESTABILITY = YES;
				GCC_C_LANGUAGE_STANDARD = gnu11;
				GCC_DYNAMIC_NO_PIC = NO;
				GCC_NO_COMMON_BLOCKS = YES;
				GCC_OPTIMIZATION_LEVEL = 0;
				GCC_PREPROCESSOR_DEFINITIONS = (
					"DEBUG=1",
					"$(inherited)",
				);
				GCC_WARN_64_TO_32_BIT_CONVERSION = YES;
				GCC_WARN_ABOUT_RETURN_TYPE = YES_ERROR;
				GCC_WARN_UNDECLARED_SELECTOR = YES;
				GCC_WARN_UNINITIALIZED_AUTOS = YES_AGGRESSIVE;
				GCC_WARN_UNUSED_FUNCTION = YES;
				GCC_WARN_UNUSED_VARIABLE = YES;
				IPHONEOS_DEPLOYMENT_TARGET = 16.2;
				MTL_ENABLE_DEBUG_INFO = INCLUDE_SOURCE;
				MTL_FAST_MATH = YES;
				ONLY_ACTIVE_ARCH = YES;
				SDKROOT = iphoneos;
				SWIFT_ACTIVE_COMPILATION_CONDITIONS = DEBUG;
				SWIFT_OPTIMIZATION_LEVEL = "-Onone";
			};
			name = Debug;
		};
		2A1497B629F241820098E50D /* Release */ = {
			isa = XCBuildConfiguration;
			buildSettings = {
				ALWAYS_SEARCH_USER_PATHS = NO;
				CLANG_ANALYZER_NONNULL = YES;
				CLANG_ANALYZER_NUMBER_OBJECT_CONVERSION = YES_AGGRESSIVE;
				CLANG_CXX_LANGUAGE_STANDARD = "gnu++20";
				CLANG_ENABLE_MODULES = YES;
				CLANG_ENABLE_OBJC_ARC = YES;
				CLANG_ENABLE_OBJC_WEAK = YES;
				CLANG_WARN_BLOCK_CAPTURE_AUTORELEASING = YES;
				CLANG_WARN_BOOL_CONVERSION = YES;
				CLANG_WARN_COMMA = YES;
				CLANG_WARN_CONSTANT_CONVERSION = YES;
				CLANG_WARN_DEPRECATED_OBJC_IMPLEMENTATIONS = YES;
				CLANG_WARN_DIRECT_OBJC_ISA_USAGE = YES_ERROR;
				CLANG_WARN_DOCUMENTATION_COMMENTS = YES;
				CLANG_WARN_EMPTY_BODY = YES;
				CLANG_WARN_ENUM_CONVERSION = YES;
				CLANG_WARN_INFINITE_RECURSION = YES;
				CLANG_WARN_INT_CONVERSION = YES;
				CLANG_WARN_NON_LITERAL_NULL_CONVERSION = YES;
				CLANG_WARN_OBJC_IMPLICIT_RETAIN_SELF = YES;
				CLANG_WARN_OBJC_LITERAL_CONVERSION = YES;
				CLANG_WARN_OBJC_ROOT_CLASS = YES_ERROR;
				CLANG_WARN_QUOTED_INCLUDE_IN_FRAMEWORK_HEADER = YES;
				CLANG_WARN_RANGE_LOOP_ANALYSIS = YES;
				CLANG_WARN_STRICT_PROTOTYPES = YES;
				CLANG_WARN_SUSPICIOUS_MOVE = YES;
				CLANG_WARN_UNGUARDED_AVAILABILITY = YES_AGGRESSIVE;
				CLANG_WARN_UNREACHABLE_CODE = YES;
				CLANG_WARN__DUPLICATE_METHOD_MATCH = YES;
				COPY_PHASE_STRIP = NO;
				DEBUG_INFORMATION_FORMAT = "dwarf-with-dsym";
				ENABLE_NS_ASSERTIONS = NO;
				ENABLE_STRICT_OBJC_MSGSEND = YES;
				GCC_C_LANGUAGE_STANDARD = gnu11;
				GCC_NO_COMMON_BLOCKS = YES;
				GCC_WARN_64_TO_32_BIT_CONVERSION = YES;
				GCC_WARN_ABOUT_RETURN_TYPE = YES_ERROR;
				GCC_WARN_UNDECLARED_SELECTOR = YES;
				GCC_WARN_UNINITIALIZED_AUTOS = YES_AGGRESSIVE;
				GCC_WARN_UNUSED_FUNCTION = YES;
				GCC_WARN_UNUSED_VARIABLE = YES;
				IPHONEOS_DEPLOYMENT_TARGET = 16.2;
				MTL_ENABLE_DEBUG_INFO = NO;
				MTL_FAST_MATH = YES;
				SDKROOT = iphoneos;
				SWIFT_COMPILATION_MODE = wholemodule;
				SWIFT_OPTIMIZATION_LEVEL = "-O";
				VALIDATE_PRODUCT = YES;
			};
			name = Release;
		};
		2A1497B829F241820098E50D /* Debug */ = {
			isa = XCBuildConfiguration;
			baseConfigurationReference = DBD10DA585902EF4529FDB45 /* Pods-PrimeiroAppMVVM.debug.xcconfig */;
			buildSettings = {
				ASSETCATALOG_COMPILER_APPICON_NAME = AppIcon;
				ASSETCATALOG_COMPILER_GLOBAL_ACCENT_COLOR_NAME = AccentColor;
				CODE_SIGN_STYLE = Automatic;
				CURRENT_PROJECT_VERSION = 1;
				DEBUG_INFORMATION_FORMAT = "dwarf-with-dsym";
				DEVELOPMENT_TEAM = 9FV2U5727B;
				GENERATE_INFOPLIST_FILE = YES;
				INFOPLIST_FILE = PrimeiroAppMVVM/Info.plist;
				INFOPLIST_KEY_UIApplicationSupportsIndirectInputEvents = YES;
				INFOPLIST_KEY_UILaunchStoryboardName = LaunchScreen;
				INFOPLIST_KEY_UIMainStoryboardFile = "";
				INFOPLIST_KEY_UISupportedInterfaceOrientations_iPad = "UIInterfaceOrientationPortrait UIInterfaceOrientationPortraitUpsideDown UIInterfaceOrientationLandscapeLeft UIInterfaceOrientationLandscapeRight";
				INFOPLIST_KEY_UISupportedInterfaceOrientations_iPhone = "UIInterfaceOrientationPortrait UIInterfaceOrientationLandscapeLeft UIInterfaceOrientationLandscapeRight";
				IPHONEOS_DEPLOYMENT_TARGET = 16.0;
				LD_RUNPATH_SEARCH_PATHS = (
					"$(inherited)",
					"@executable_path/Frameworks",
				);
				MARKETING_VERSION = 1.0;
				PRODUCT_BUNDLE_IDENTIFIER = br.enricogollner.PrimeiroAppMVVM;
				PRODUCT_NAME = "$(TARGET_NAME)";
				SWIFT_EMIT_LOC_STRINGS = YES;
				SWIFT_VERSION = 5.0;
				TARGETED_DEVICE_FAMILY = "1,2";
			};
			name = Debug;
		};
		2A1497B929F241820098E50D /* Release */ = {
			isa = XCBuildConfiguration;
			baseConfigurationReference = 1E5B23BBFCEBD531C4C00DF0 /* Pods-PrimeiroAppMVVM.release.xcconfig */;
			buildSettings = {
				ASSETCATALOG_COMPILER_APPICON_NAME = AppIcon;
				ASSETCATALOG_COMPILER_GLOBAL_ACCENT_COLOR_NAME = AccentColor;
				CODE_SIGN_STYLE = Automatic;
				CURRENT_PROJECT_VERSION = 1;
				DEVELOPMENT_TEAM = 9FV2U5727B;
				GENERATE_INFOPLIST_FILE = YES;
				INFOPLIST_FILE = PrimeiroAppMVVM/Info.plist;
				INFOPLIST_KEY_UIApplicationSupportsIndirectInputEvents = YES;
				INFOPLIST_KEY_UILaunchStoryboardName = LaunchScreen;
				INFOPLIST_KEY_UIMainStoryboardFile = "";
				INFOPLIST_KEY_UISupportedInterfaceOrientations_iPad = "UIInterfaceOrientationPortrait UIInterfaceOrientationPortraitUpsideDown UIInterfaceOrientationLandscapeLeft UIInterfaceOrientationLandscapeRight";
				INFOPLIST_KEY_UISupportedInterfaceOrientations_iPhone = "UIInterfaceOrientationPortrait UIInterfaceOrientationLandscapeLeft UIInterfaceOrientationLandscapeRight";
				IPHONEOS_DEPLOYMENT_TARGET = 16.0;
				LD_RUNPATH_SEARCH_PATHS = (
					"$(inherited)",
					"@executable_path/Frameworks",
				);
				MARKETING_VERSION = 1.0;
				PRODUCT_BUNDLE_IDENTIFIER = br.enricogollner.PrimeiroAppMVVM;
				PRODUCT_NAME = "$(TARGET_NAME)";
				SWIFT_EMIT_LOC_STRINGS = YES;
				SWIFT_VERSION = 5.0;
				TARGETED_DEVICE_FAMILY = "1,2";
			};
			name = Release;
		};
/* End XCBuildConfiguration section */

/* Begin XCConfigurationList section */
		2A14979E29F241810098E50D /* Build configuration list for PBXProject "PrimeiroAppMVVM" */ = {
			isa = XCConfigurationList;
			buildConfigurations = (
				2A1497B529F241820098E50D /* Debug */,
				2A1497B629F241820098E50D /* Release */,
			);
			defaultConfigurationIsVisible = 0;
			defaultConfigurationName = Release;
		};
		2A1497B729F241820098E50D /* Build configuration list for PBXNativeTarget "PrimeiroAppMVVM" */ = {
			isa = XCConfigurationList;
			buildConfigurations = (
				2A1497B829F241820098E50D /* Debug */,
				2A1497B929F241820098E50D /* Release */,
			);
			defaultConfigurationIsVisible = 0;
			defaultConfigurationName = Release;
		};
/* End XCConfigurationList section */

/* Begin XCRemoteSwiftPackageReference section */
		2A407FF129F77AB800CA110D /* XCRemoteSwiftPackageReference "firebase-ios-sdk" */ = {
			isa = XCRemoteSwiftPackageReference;
			repositoryURL = "https://github.com/firebase/firebase-ios-sdk";
			requirement = {
				kind = upToNextMajorVersion;
				minimumVersion = 9.0.0;
			};
		};
/* End XCRemoteSwiftPackageReference section */

/* Begin XCSwiftPackageProductDependency section */
		2A407FF229F77AB800CA110D /* FirebaseAuth */ = {
			isa = XCSwiftPackageProductDependency;
			package = 2A407FF129F77AB800CA110D /* XCRemoteSwiftPackageReference "firebase-ios-sdk" */;
			productName = FirebaseAuth;
		};
		2A407FF429F77AB800CA110D /* FirebaseCrashlytics */ = {
			isa = XCSwiftPackageProductDependency;
			package = 2A407FF129F77AB800CA110D /* XCRemoteSwiftPackageReference "firebase-ios-sdk" */;
			productName = FirebaseCrashlytics;
		};
/* End XCSwiftPackageProductDependency section */
	};
	rootObject = 2A14979B29F241810098E50D /* Project object */;
}
