// !$*UTF8*$!
{
	archiveVersion = 1;
	classes = {
	};
	objectVersion = 56;
	objects = {

/* Begin PBXBuildFile section */
		2A3D411C29DBDF0B00422DDA /* AppDelegate.swift in Sources */ = {isa = PBXBuildFile; fileRef = 2A3D411B29DBDF0B00422DDA /* AppDelegate.swift */; };
		2A3D411E29DBDF0B00422DDA /* SceneDelegate.swift in Sources */ = {isa = PBXBuildFile; fileRef = 2A3D411D29DBDF0B00422DDA /* SceneDelegate.swift */; };
		2A3D412029DBDF0B00422DDA /* ViewController.swift in Sources */ = {isa = PBXBuildFile; fileRef = 2A3D411F29DBDF0B00422DDA /* ViewController.swift */; };
		2A3D412329DBDF0B00422DDA /* Main.storyboard in Resources */ = {isa = PBXBuildFile; fileRef = 2A3D412129DBDF0B00422DDA /* Main.storyboard */; };
		2A3D412529DBDF0C00422DDA /* Assets.xcassets in Resources */ = {isa = PBXBuildFile; fileRef = 2A3D412429DBDF0C00422DDA /* Assets.xcassets */; };
		2A3D412829DBDF0C00422DDA /* LaunchScreen.storyboard in Resources */ = {isa = PBXBuildFile; fileRef = 2A3D412629DBDF0C00422DDA /* LaunchScreen.storyboard */; };
		2A3D413229DBE43C00422DDA /* CustomTableViewCell.swift in Sources */ = {isa = PBXBuildFile; fileRef = 2A3D413029DBE43B00422DDA /* CustomTableViewCell.swift */; };
		2A3D413329DBE43C00422DDA /* CustomTableViewCell.xib in Resources */ = {isa = PBXBuildFile; fileRef = 2A3D413129DBE43B00422DDA /* CustomTableViewCell.xib */; };
/* End PBXBuildFile section */

/* Begin PBXFileReference section */
		2A3D411829DBDF0A00422DDA /* PrimeiraTableViewCurso.app */ = {isa = PBXFileReference; explicitFileType = wrapper.application; includeInIndex = 0; path = PrimeiraTableViewCurso.app; sourceTree = BUILT_PRODUCTS_DIR; };
		2A3D411B29DBDF0B00422DDA /* AppDelegate.swift */ = {isa = PBXFileReference; lastKnownFileType = sourcecode.swift; path = AppDelegate.swift; sourceTree = "<group>"; };
		2A3D411D29DBDF0B00422DDA /* SceneDelegate.swift */ = {isa = PBXFileReference; lastKnownFileType = sourcecode.swift; path = SceneDelegate.swift; sourceTree = "<group>"; };
		2A3D411F29DBDF0B00422DDA /* ViewController.swift */ = {isa = PBXFileReference; lastKnownFileType = sourcecode.swift; path = ViewController.swift; sourceTree = "<group>"; };
		2A3D412229DBDF0B00422DDA /* Base */ = {isa = PBXFileReference; lastKnownFileType = file.storyboard; name = Base; path = Base.lproj/Main.storyboard; sourceTree = "<group>"; };
		2A3D412429DBDF0C00422DDA /* Assets.xcassets */ = {isa = PBXFileReference; lastKnownFileType = folder.assetcatalog; path = Assets.xcassets; sourceTree = "<group>"; };
		2A3D412729DBDF0C00422DDA /* Base */ = {isa = PBXFileReference; lastKnownFileType = file.storyboard; name = Base; path = Base.lproj/LaunchScreen.storyboard; sourceTree = "<group>"; };
		2A3D412929DBDF0C00422DDA /* Info.plist */ = {isa = PBXFileReference; lastKnownFileType = text.plist.xml; path = Info.plist; sourceTree = "<group>"; };
		2A3D413029DBE43B00422DDA /* CustomTableViewCell.swift */ = {isa = PBXFileReference; lastKnownFileType = sourcecode.swift; path = CustomTableViewCell.swift; sourceTree = "<group>"; };
		2A3D413129DBE43B00422DDA /* CustomTableViewCell.xib */ = {isa = PBXFileReference; lastKnownFileType = file.xib; path = CustomTableViewCell.xib; sourceTree = "<group>"; };
/* End PBXFileReference section */

/* Begin PBXFrameworksBuildPhase section */
		2A3D411529DBDF0A00422DDA /* Frameworks */ = {
			isa = PBXFrameworksBuildPhase;
			buildActionMask = 2147483647;
			files = (
			);
			runOnlyForDeploymentPostprocessing = 0;
		};
/* End PBXFrameworksBuildPhase section */

/* Begin PBXGroup section */
		2A3D410F29DBDF0A00422DDA = {
			isa = PBXGroup;
			children = (
				2A3D411A29DBDF0B00422DDA /* PrimeiraTableViewCurso */,
				2A3D411929DBDF0A00422DDA /* Products */,
			);
			sourceTree = "<group>";
		};
		2A3D411929DBDF0A00422DDA /* Products */ = {
			isa = PBXGroup;
			children = (
				2A3D411829DBDF0A00422DDA /* PrimeiraTableViewCurso.app */,
			);
			name = Products;
			sourceTree = "<group>";
		};
		2A3D411A29DBDF0B00422DDA /* PrimeiraTableViewCurso */ = {
			isa = PBXGroup;
			children = (
				2A3D412F29DBE36200422DDA /* UITableViewCell */,
				2A3D411B29DBDF0B00422DDA /* AppDelegate.swift */,
				2A3D411D29DBDF0B00422DDA /* SceneDelegate.swift */,
				2A3D411F29DBDF0B00422DDA /* ViewController.swift */,
				2A3D412129DBDF0B00422DDA /* Main.storyboard */,
				2A3D412429DBDF0C00422DDA /* Assets.xcassets */,
				2A3D412629DBDF0C00422DDA /* LaunchScreen.storyboard */,
				2A3D412929DBDF0C00422DDA /* Info.plist */,
			);
			path = PrimeiraTableViewCurso;
			sourceTree = "<group>";
		};
		2A3D412F29DBE36200422DDA /* UITableViewCell */ = {
			isa = PBXGroup;
			children = (
				2A3D413029DBE43B00422DDA /* CustomTableViewCell.swift */,
				2A3D413129DBE43B00422DDA /* CustomTableViewCell.xib */,
			);
			path = UITableViewCell;
			sourceTree = "<group>";
		};
/* End PBXGroup section */

/* Begin PBXNativeTarget section */
		2A3D411729DBDF0A00422DDA /* PrimeiraTableViewCurso */ = {
			isa = PBXNativeTarget;
			buildConfigurationList = 2A3D412C29DBDF0C00422DDA /* Build configuration list for PBXNativeTarget "PrimeiraTableViewCurso" */;
			buildPhases = (
				2A3D411429DBDF0A00422DDA /* Sources */,
				2A3D411529DBDF0A00422DDA /* Frameworks */,
				2A3D411629DBDF0A00422DDA /* Resources */,
			);
			buildRules = (
			);
			dependencies = (
			);
			name = PrimeiraTableViewCurso;
			productName = PrimeiraTableViewCurso;
			productReference = 2A3D411829DBDF0A00422DDA /* PrimeiraTableViewCurso.app */;
			productType = "com.apple.product-type.application";
		};
/* End PBXNativeTarget section */

/* Begin PBXProject section */
		2A3D411029DBDF0A00422DDA /* Project object */ = {
			isa = PBXProject;
			attributes = {
				BuildIndependentTargetsInParallel = 1;
				LastSwiftUpdateCheck = 1420;
				LastUpgradeCheck = 1420;
				TargetAttributes = {
					2A3D411729DBDF0A00422DDA = {
						CreatedOnToolsVersion = 14.2;
					};
				};
			};
			buildConfigurationList = 2A3D411329DBDF0A00422DDA /* Build configuration list for PBXProject "PrimeiraTableViewCurso" */;
			compatibilityVersion = "Xcode 14.0";
			developmentRegion = en;
			hasScannedForEncodings = 0;
			knownRegions = (
				en,
				Base,
			);
			mainGroup = 2A3D410F29DBDF0A00422DDA;
			productRefGroup = 2A3D411929DBDF0A00422DDA /* Products */;
			projectDirPath = "";
			projectRoot = "";
			targets = (
				2A3D411729DBDF0A00422DDA /* PrimeiraTableViewCurso */,
			);
		};
/* End PBXProject section */

/* Begin PBXResourcesBuildPhase section */
		2A3D411629DBDF0A00422DDA /* Resources */ = {
			isa = PBXResourcesBuildPhase;
			buildActionMask = 2147483647;
			files = (
				2A3D412829DBDF0C00422DDA /* LaunchScreen.storyboard in Resources */,
				2A3D412529DBDF0C00422DDA /* Assets.xcassets in Resources */,
				2A3D413329DBE43C00422DDA /* CustomTableViewCell.xib in Resources */,
				2A3D412329DBDF0B00422DDA /* Main.storyboard in Resources */,
			);
			runOnlyForDeploymentPostprocessing = 0;
		};
/* End PBXResourcesBuildPhase section */

/* Begin PBXSourcesBuildPhase section */
		2A3D411429DBDF0A00422DDA /* Sources */ = {
			isa = PBXSourcesBuildPhase;
			buildActionMask = 2147483647;
			files = (
				2A3D412029DBDF0B00422DDA /* ViewController.swift in Sources */,
				2A3D411C29DBDF0B00422DDA /* AppDelegate.swift in Sources */,
				2A3D413229DBE43C00422DDA /* CustomTableViewCell.swift in Sources */,
				2A3D411E29DBDF0B00422DDA /* SceneDelegate.swift in Sources */,
			);
			runOnlyForDeploymentPostprocessing = 0;
		};
/* End PBXSourcesBuildPhase section */

/* Begin PBXVariantGroup section */
		2A3D412129DBDF0B00422DDA /* Main.storyboard */ = {
			isa = PBXVariantGroup;
			children = (
				2A3D412229DBDF0B00422DDA /* Base */,
			);
			name = Main.storyboard;
			sourceTree = "<group>";
		};
		2A3D412629DBDF0C00422DDA /* LaunchScreen.storyboard */ = {
			isa = PBXVariantGroup;
			children = (
				2A3D412729DBDF0C00422DDA /* Base */,
			);
			name = LaunchScreen.storyboard;
			sourceTree = "<group>";
		};
/* End PBXVariantGroup section */

/* Begin XCBuildConfiguration section */
		2A3D412A29DBDF0C00422DDA /* Debug */ = {
			isa = XCBuildConfiguration;
			buildSettings = {
				ALWAYS_SEARCH_USER_PATHS = NO;
				CLANG_ANALYZER_NONNULL = YES;
				CLANG_ANALYZER_NUMBER_OBJECT_CONVERSION = YES_AGGRESSIVE;
				CLANG_CXX_LANGUAGE_STANDARD = "gnu++20";
				CLANG_ENABLE_MODULES = YES;
				CLANG_ENABLE_OBJC_ARC = YES;
				CLANG_ENABLE_OBJC_WEAK = YES;
				CLANG_WARN_BLOCK_CAPTURE_AUTORELEASING = YES;
				CLANG_WARN_BOOL_CONVERSION = YES;
				CLANG_WARN_COMMA = YES;
				CLANG_WARN_CONSTANT_CONVERSION = YES;
				CLANG_WARN_DEPRECATED_OBJC_IMPLEMENTATIONS = YES;
				CLANG_WARN_DIRECT_OBJC_ISA_USAGE = YES_ERROR;
				CLANG_WARN_DOCUMENTATION_COMMENTS = YES;
				CLANG_WARN_EMPTY_BODY = YES;
				CLANG_WARN_ENUM_CONVERSION = YES;
				CLANG_WARN_INFINITE_RECURSION = YES;
				CLANG_WARN_INT_CONVERSION = YES;
				CLANG_WARN_NON_LITERAL_NULL_CONVERSION = YES;
				CLANG_WARN_OBJC_IMPLICIT_RETAIN_SELF = YES;
				CLANG_WARN_OBJC_LITERAL_CONVERSION = YES;
				CLANG_WARN_OBJC_ROOT_CLASS = YES_ERROR;
				CLANG_WARN_QUOTED_INCLUDE_IN_FRAMEWORK_HEADER = YES;
				CLANG_WARN_RANGE_LOOP_ANALYSIS = YES;
				CLANG_WARN_STRICT_PROTOTYPES = YES;
				CLANG_WARN_SUSPICIOUS_MOVE = YES;
				CLANG_WARN_UNGUARDED_AVAILABILITY = YES_AGGRESSIVE;
				CLANG_WARN_UNREACHABLE_CODE = YES;
				CLANG_WARN__DUPLICATE_METHOD_MATCH = YES;
				COPY_PHASE_STRIP = NO;
				DEBUG_INFORMATION_FORMAT = dwarf;
				ENABLE_STRICT_OBJC_MSGSEND = YES;
				ENABLE_TESTABILITY = YES;
				GCC_C_LANGUAGE_STANDARD = gnu11;
				GCC_DYNAMIC_NO_PIC = NO;
				GCC_NO_COMMON_BLOCKS = YES;
				GCC_OPTIMIZATION_LEVEL = 0;
				GCC_PREPROCESSOR_DEFINITIONS = (
					"DEBUG=1",
					"$(inherited)",
				);
				GCC_WARN_64_TO_32_BIT_CONVERSION = YES;
				GCC_WARN_ABOUT_RETURN_TYPE = YES_ERROR;
				GCC_WARN_UNDECLARED_SELECTOR = YES;
				GCC_WARN_UNINITIALIZED_AUTOS = YES_AGGRESSIVE;
				GCC_WARN_UNUSED_FUNCTION = YES;
				GCC_WARN_UNUSED_VARIABLE = YES;
				IPHONEOS_DEPLOYMENT_TARGET = 16.2;
				MTL_ENABLE_DEBUG_INFO = INCLUDE_SOURCE;
				MTL_FAST_MATH = YES;
				ONLY_ACTIVE_ARCH = YES;
				SDKROOT = iphoneos;
				SWIFT_ACTIVE_COMPILATION_CONDITIONS = DEBUG;
				SWIFT_OPTIMIZATION_LEVEL = "-Onone";
			};
			name = Debug;
		};
		2A3D412B29DBDF0C00422DDA /* Release */ = {
			isa = XCBuildConfiguration;
			buildSettings = {
				ALWAYS_SEARCH_USER_PATHS = NO;
				CLANG_ANALYZER_NONNULL = YES;
				CLANG_ANALYZER_NUMBER_OBJECT_CONVERSION = YES_AGGRESSIVE;
				CLANG_CXX_LANGUAGE_STANDARD = "gnu++20";
				CLANG_ENABLE_MODULES = YES;
				CLANG_ENABLE_OBJC_ARC = YES;
				CLANG_ENABLE_OBJC_WEAK = YES;
				CLANG_WARN_BLOCK_CAPTURE_AUTORELEASING = YES;
				CLANG_WARN_BOOL_CONVERSION = YES;
				CLANG_WARN_COMMA = YES;
				CLANG_WARN_CONSTANT_CONVERSION = YES;
				CLANG_WARN_DEPRECATED_OBJC_IMPLEMENTATIONS = YES;
				CLANG_WARN_DIRECT_OBJC_ISA_USAGE = YES_ERROR;
				CLANG_WARN_DOCUMENTATION_COMMENTS = YES;
				CLANG_WARN_EMPTY_BODY = YES;
				CLANG_WARN_ENUM_CONVERSION = YES;
				CLANG_WARN_INFINITE_RECURSION = YES;
				CLANG_WARN_INT_CONVERSION = YES;
				CLANG_WARN_NON_LITERAL_NULL_CONVERSION = YES;
				CLANG_WARN_OBJC_IMPLICIT_RETAIN_SELF = YES;
				CLANG_WARN_OBJC_LITERAL_CONVERSION = YES;
				CLANG_WARN_OBJC_ROOT_CLASS = YES_ERROR;
				CLANG_WARN_QUOTED_INCLUDE_IN_FRAMEWORK_HEADER = YES;
				CLANG_WARN_RANGE_LOOP_ANALYSIS = YES;
				CLANG_WARN_STRICT_PROTOTYPES = YES;
				CLANG_WARN_SUSPICIOUS_MOVE = YES;
				CLANG_WARN_UNGUARDED_AVAILABILITY = YES_AGGRESSIVE;
				CLANG_WARN_UNREACHABLE_CODE = YES;
				CLANG_WARN__DUPLICATE_METHOD_MATCH = YES;
				COPY_PHASE_STRIP = NO;
				DEBUG_INFORMATION_FORMAT = "dwarf-with-dsym";
				ENABLE_NS_ASSERTIONS = NO;
				ENABLE_STRICT_OBJC_MSGSEND = YES;
				GCC_C_LANGUAGE_STANDARD = gnu11;
				GCC_NO_COMMON_BLOCKS = YES;
				GCC_WARN_64_TO_32_BIT_CONVERSION = YES;
				GCC_WARN_ABOUT_RETURN_TYPE = YES_ERROR;
				GCC_WARN_UNDECLARED_SELECTOR = YES;
				GCC_WARN_UNINITIALIZED_AUTOS = YES_AGGRESSIVE;
				GCC_WARN_UNUSED_FUNCTION = YES;
				GCC_WARN_UNUSED_VARIABLE = YES;
				IPHONEOS_DEPLOYMENT_TARGET = 16.2;
				MTL_ENABLE_DEBUG_INFO = NO;
				MTL_FAST_MATH = YES;
				SDKROOT = iphoneos;
				SWIFT_COMPILATION_MODE = wholemodule;
				SWIFT_OPTIMIZATION_LEVEL = "-O";
				VALIDATE_PRODUCT = YES;
			};
			name = Release;
		};
		2A3D412D29DBDF0C00422DDA /* Debug */ = {
			isa = XCBuildConfiguration;
			buildSettings = {
				ASSETCATALOG_COMPILER_APPICON_NAME = AppIcon;
				ASSETCATALOG_COMPILER_GLOBAL_ACCENT_COLOR_NAME = AccentColor;
				CODE_SIGN_STYLE = Automatic;
				CURRENT_PROJECT_VERSION = 1;
				DEVELOPMENT_TEAM = 9FV2U5727B;
				GENERATE_INFOPLIST_FILE = YES;
				INFOPLIST_FILE = PrimeiraTableViewCurso/Info.plist;
				INFOPLIST_KEY_UIApplicationSupportsIndirectInputEvents = YES;
				INFOPLIST_KEY_UILaunchStoryboardName = LaunchScreen;
				INFOPLIST_KEY_UIMainStoryboardFile = Main;
				INFOPLIST_KEY_UISupportedInterfaceOrientations_iPad = "UIInterfaceOrientationPortrait UIInterfaceOrientationPortraitUpsideDown UIInterfaceOrientationLandscapeLeft UIInterfaceOrientationLandscapeRight";
				INFOPLIST_KEY_UISupportedInterfaceOrientations_iPhone = "UIInterfaceOrientationPortrait UIInterfaceOrientationLandscapeLeft UIInterfaceOrientationLandscapeRight";
				LD_RUNPATH_SEARCH_PATHS = (
					"$(inherited)",
					"@executable_path/Frameworks",
				);
				MARKETING_VERSION = 1.0;
				PRODUCT_BUNDLE_IDENTIFIER = br.enricogollner.PrimeiraTableViewCurso;
				PRODUCT_NAME = "$(TARGET_NAME)";
				SWIFT_EMIT_LOC_STRINGS = YES;
				SWIFT_VERSION = 5.0;
				TARGETED_DEVICE_FAMILY = "1,2";
			};
			name = Debug;
		};
		2A3D412E29DBDF0C00422DDA /* Release */ = {
			isa = XCBuildConfiguration;
			buildSettings = {
				ASSETCATALOG_COMPILER_APPICON_NAME = AppIcon;
				ASSETCATALOG_COMPILER_GLOBAL_ACCENT_COLOR_NAME = AccentColor;
				CODE_SIGN_STYLE = Automatic;
				CURRENT_PROJECT_VERSION = 1;
				DEVELOPMENT_TEAM = 9FV2U5727B;
				GENERATE_INFOPLIST_FILE = YES;
				INFOPLIST_FILE = PrimeiraTableViewCurso/Info.plist;
				INFOPLIST_KEY_UIApplicationSupportsIndirectInputEvents = YES;
				INFOPLIST_KEY_UILaunchStoryboardName = LaunchScreen;
				INFOPLIST_KEY_UIMainStoryboardFile = Main;
				INFOPLIST_KEY_UISupportedInterfaceOrientations_iPad = "UIInterfaceOrientationPortrait UIInterfaceOrientationPortraitUpsideDown UIInterfaceOrientationLandscapeLeft UIInterfaceOrientationLandscapeRight";
				INFOPLIST_KEY_UISupportedInterfaceOrientations_iPhone = "UIInterfaceOrientationPortrait UIInterfaceOrientationLandscapeLeft UIInterfaceOrientationLandscapeRight";
				LD_RUNPATH_SEARCH_PATHS = (
					"$(inherited)",
					"@executable_path/Frameworks",
				);
				MARKETING_VERSION = 1.0;
				PRODUCT_BUNDLE_IDENTIFIER = br.enricogollner.PrimeiraTableViewCurso;
				PRODUCT_NAME = "$(TARGET_NAME)";
				SWIFT_EMIT_LOC_STRINGS = YES;
				SWIFT_VERSION = 5.0;
				TARGETED_DEVICE_FAMILY = "1,2";
			};
			name = Release;
		};
/* End XCBuildConfiguration section */

/* Begin XCConfigurationList section */
		2A3D411329DBDF0A00422DDA /* Build configuration list for PBXProject "PrimeiraTableViewCurso" */ = {
			isa = XCConfigurationList;
			buildConfigurations = (
				2A3D412A29DBDF0C00422DDA /* Debug */,
				2A3D412B29DBDF0C00422DDA /* Release */,
			);
			defaultConfigurationIsVisible = 0;
			defaultConfigurationName = Release;
		};
		2A3D412C29DBDF0C00422DDA /* Build configuration list for PBXNativeTarget "PrimeiraTableViewCurso" */ = {
			isa = XCConfigurationList;
			buildConfigurations = (
				2A3D412D29DBDF0C00422DDA /* Debug */,
				2A3D412E29DBDF0C00422DDA /* Release */,
			);
			defaultConfigurationIsVisible = 0;
			defaultConfigurationName = Release;
		};
/* End XCConfigurationList section */
	};
	rootObject = 2A3D411029DBDF0A00422DDA /* Project object */;
}
